
Microsoft Visual Studio Solution File, Format Version 12.00
# Visual Studio 2013
VisualStudioVersion = 12.0.30723.0
MinimumVisualStudioVersion = 10.0.40219.1
Project("{FAE04EC0-301F-11D3-BF4B-00C04F79EFBC}") = "Compiler.Console", "Compiler.Console\Compiler.Console.csproj", "{D27F1429-6DF0-47F7-AC0F-BE603522CDA5}"
EndProject
Project("{FAE04EC0-301F-11D3-BF4B-00C04F79EFBC}") = "Compiler.Lib", "Compiler.Lib\Compiler.Lib.csproj", "{C3C16F08-850A-43E6-9F28-22D943A8D13E}"
EndProject
Global
	GlobalSection(SolutionConfigurationPlatforms) = preSolution
		Debug|Any CPU = Debug|Any CPU
		Release|Any CPU = Release|Any CPU
	EndGlobalSection
	GlobalSection(ProjectConfigurationPlatforms) = postSolution
		{D27F1429-6DF0-47F7-AC0F-BE603522CDA5}.Debug|Any CPU.ActiveCfg = Debug|Any CPU
		{D27F1429-6DF0-47F7-AC0F-BE603522CDA5}.Debug|Any CPU.Build.0 = Debug|Any CPU
		{D27F1429-6DF0-47F7-AC0F-BE603522CDA5}.Release|Any CPU.ActiveCfg = Release|Any CPU
		{D27F1429-6DF0-47F7-AC0F-BE603522CDA5}.Release|Any CPU.Build.0 = Release|Any CPU
		{C3C16F08-850A-43E6-9F28-22D943A8D13E}.Debug|Any CPU.ActiveCfg = Debug|Any CPU
		{C3C16F08-850A-43E6-9F28-22D943A8D13E}.Debug|Any CPU.Build.0 = Debug|Any CPU
		{C3C16F08-850A-43E6-9F28-22D943A8D13E}.Release|Any CPU.ActiveCfg = Release|Any CPU
		{C3C16F08-850A-43E6-9F28-22D943A8D13E}.Release|Any CPU.Build.0 = Release|Any CPU
	EndGlobalSection
	GlobalSection(SolutionProperties) = preSolution
		HideSolutionNode = FALSE
	EndGlobalSection
EndGlobal
